
Microsoft Visual Studio Solution File, Format Version 12.00
# Visual Studio Version 17
VisualStudioVersion = 17.14.36301.6
MinimumVisualStudioVersion = 10.0.40219.1
Project("{FAE04EC0-301F-11D3-BF4B-00C04F79EFBC}") = "Tienda.Shared", "Tienda.Shared\Tienda.Shared.csproj", "{6EE2D3C9-60CF-42BC-8AF9-695E2C8F11ED}"
EndProject
Project("{FAE04EC0-301F-11D3-BF4B-00C04F79EFBC}") = "Tienda.Server", "Tienda.Server\Tienda.Server.csproj", "{4CD4098F-7A05-4676-AC1F-E72CE85E6DC7}"
EndProject
Project("{FAE04EC0-301F-11D3-BF4B-00C04F79EFBC}") = "Tienda.Client", "Tienda.Client\Tienda.Client.csproj", "{656961F6-7F33-402D-B524-BF58FC2C2B12}"
EndProject
Global
	GlobalSection(SolutionConfigurationPlatforms) = preSolution
		Debug|Any CPU = Debug|Any CPU
		Release|Any CPU = Release|Any CPU
	EndGlobalSection
	GlobalSection(ProjectConfigurationPlatforms) = postSolution
		{6EE2D3C9-60CF-42BC-8AF9-695E2C8F11ED}.Debug|Any CPU.ActiveCfg = Debug|Any CPU
		{6EE2D3C9-60CF-42BC-8AF9-695E2C8F11ED}.Debug|Any CPU.Build.0 = Debug|Any CPU
		{6EE2D3C9-60CF-42BC-8AF9-695E2C8F11ED}.Release|Any CPU.ActiveCfg = Release|Any CPU
		{6EE2D3C9-60CF-42BC-8AF9-695E2C8F11ED}.Release|Any CPU.Build.0 = Release|Any CPU
		{4CD4098F-7A05-4676-AC1F-E72CE85E6DC7}.Debug|Any CPU.ActiveCfg = Debug|Any CPU
		{4CD4098F-7A05-4676-AC1F-E72CE85E6DC7}.Debug|Any CPU.Build.0 = Debug|Any CPU
		{4CD4098F-7A05-4676-AC1F-E72CE85E6DC7}.Release|Any CPU.ActiveCfg = Release|Any CPU
		{4CD4098F-7A05-4676-AC1F-E72CE85E6DC7}.Release|Any CPU.Build.0 = Release|Any CPU
		{656961F6-7F33-402D-B524-BF58FC2C2B12}.Debug|Any CPU.ActiveCfg = Debug|Any CPU
		{656961F6-7F33-402D-B524-BF58FC2C2B12}.Debug|Any CPU.Build.0 = Debug|Any CPU
		{656961F6-7F33-402D-B524-BF58FC2C2B12}.Release|Any CPU.ActiveCfg = Release|Any CPU
		{656961F6-7F33-402D-B524-BF58FC2C2B12}.Release|Any CPU.Build.0 = Release|Any CPU
	EndGlobalSection
	GlobalSection(SolutionProperties) = preSolution
		HideSolutionNode = FALSE
	EndGlobalSection
	GlobalSection(ExtensibilityGlobals) = postSolution
		SolutionGuid = {6A6A438C-E8B9-40B1-A6CA-3D39928CD68A}
	EndGlobalSection
EndGlobal
